// !$*UTF8*$!
{
	archiveVersion = 1;
	classes = {
	};
	objectVersion = 50;
	objects = {

/* Begin PBXBuildFile section */
		D6C99B7522B6A89000235CC7 /* main.cpp in Sources */ = {isa = PBXBuildFile; fileRef = D6C99B7422B6A89000235CC7 /* main.cpp */; };
		D6C99B7F22B6A8F500235CC7 /* Auto_Correct.cpp in Sources */ = {isa = PBXBuildFile; fileRef = D6C99B7D22B6A8F500235CC7 /* Auto_Correct.cpp */; };
		D6C99B8222B6AB1F00235CC7 /* Edit_Distance.cpp in Sources */ = {isa = PBXBuildFile; fileRef = D6C99B8022B6AB1F00235CC7 /* Edit_Distance.cpp */; };
		D6C99B8422B6AF1700235CC7 /* Utilities.hpp in Sources */ = {isa = PBXBuildFile; fileRef = D6C99B8322B6AF1700235CC7 /* Utilities.hpp */; };
/* End PBXBuildFile section */

/* Begin PBXCopyFilesBuildPhase section */
		D6C99B6F22B6A89000235CC7 /* CopyFiles */ = {
			isa = PBXCopyFilesBuildPhase;
			buildActionMask = 2147483647;
			dstPath = /usr/share/man/man1/;
			dstSubfolderSpec = 0;
			files = (
			);
			runOnlyForDeploymentPostprocessing = 1;
		};
/* End PBXCopyFilesBuildPhase section */

/* Begin PBXFileReference section */
		D6C99B7122B6A89000235CC7 /* Auto Correct */ = {isa = PBXFileReference; explicitFileType = "compiled.mach-o.executable"; includeInIndex = 0; path = "Auto Correct"; sourceTree = BUILT_PRODUCTS_DIR; };
		D6C99B7422B6A89000235CC7 /* main.cpp */ = {isa = PBXFileReference; lastKnownFileType = sourcecode.cpp.cpp; path = main.cpp; sourceTree = "<group>"; };
		D6C99B7C22B6A8BD00235CC7 /* BinarySTree.hpp */ = {isa = PBXFileReference; fileEncoding = 4; lastKnownFileType = sourcecode.cpp.h; path = BinarySTree.hpp; sourceTree = "<group>"; };
		D6C99B7D22B6A8F500235CC7 /* Auto_Correct.cpp */ = {isa = PBXFileReference; lastKnownFileType = sourcecode.cpp.cpp; path = Auto_Correct.cpp; sourceTree = "<group>"; };
		D6C99B7E22B6A8F500235CC7 /* Auto_Correct.hpp */ = {isa = PBXFileReference; lastKnownFileType = sourcecode.cpp.h; path = Auto_Correct.hpp; sourceTree = "<group>"; };
		D6C99B8022B6AB1F00235CC7 /* Edit_Distance.cpp */ = {isa = PBXFileReference; lastKnownFileType = sourcecode.cpp.cpp; path = Edit_Distance.cpp; sourceTree = "<group>"; };
		D6C99B8122B6AB1F00235CC7 /* Edit_Distance.hpp */ = {isa = PBXFileReference; lastKnownFileType = sourcecode.cpp.h; path = Edit_Distance.hpp; sourceTree = "<group>"; };
		D6C99B8322B6AF1700235CC7 /* Utilities.hpp */ = {isa = PBXFileReference; lastKnownFileType = sourcecode.cpp.h; path = Utilities.hpp; sourceTree = "<group>"; };
/* End PBXFileReference section */

/* Begin PBXFrameworksBuildPhase section */
		D6C99B6E22B6A89000235CC7 /* Frameworks */ = {
			isa = PBXFrameworksBuildPhase;
			buildActionMask = 2147483647;
			files = (
			);
			runOnlyForDeploymentPostprocessing = 0;
		};
/* End PBXFrameworksBuildPhase section */

/* Begin PBXGroup section */
		D6C99B6822B6A89000235CC7 = {
			isa = PBXGroup;
			children = (
				D6C99B7322B6A89000235CC7 /* Auto Correct */,
				D6C99B7222B6A89000235CC7 /* Products */,
			);
			sourceTree = "<group>";
		};
		D6C99B7222B6A89000235CC7 /* Products */ = {
			isa = PBXGroup;
			children = (
				D6C99B7122B6A89000235CC7 /* Auto Correct */,
			);
			name = Products;
			sourceTree = "<group>";
		};
		D6C99B7322B6A89000235CC7 /* Auto Correct */ = {
			isa = PBXGroup;
			children = (
				D6C99B7B22B6A89C00235CC7 /* Data Structures */,
				D6C99B7422B6A89000235CC7 /* main.cpp */,
				D6C99B7D22B6A8F500235CC7 /* Auto_Correct.cpp */,
				D6C99B7E22B6A8F500235CC7 /* Auto_Correct.hpp */,
				D6C99B8022B6AB1F00235CC7 /* Edit_Distance.cpp */,
				D6C99B8122B6AB1F00235CC7 /* Edit_Distance.hpp */,
				D6C99B8322B6AF1700235CC7 /* Utilities.hpp */,
			);
			path = "Auto Correct";
			sourceTree = "<group>";
		};
		D6C99B7B22B6A89C00235CC7 /* Data Structures */ = {
			isa = PBXGroup;
			children = (
				D6C99B7C22B6A8BD00235CC7 /* BinarySTree.hpp */,
			);
			path = "Data Structures";
			sourceTree = "<group>";
		};
/* End PBXGroup section */

/* Begin PBXNativeTarget section */
		D6C99B7022B6A89000235CC7 /* Auto Correct */ = {
			isa = PBXNativeTarget;
			buildConfigurationList = D6C99B7822B6A89000235CC7 /* Build configuration list for PBXNativeTarget "Auto Correct" */;
			buildPhases = (
				D6C99B6D22B6A89000235CC7 /* Sources */,
				D6C99B6E22B6A89000235CC7 /* Frameworks */,
				D6C99B6F22B6A89000235CC7 /* CopyFiles */,
			);
			buildRules = (
			);
			dependencies = (
			);
			name = "Auto Correct";
			productName = "Auto Correct";
			productReference = D6C99B7122B6A89000235CC7 /* Auto Correct */;
			productType = "com.apple.product-type.tool";
		};
/* End PBXNativeTarget section */

/* Begin PBXProject section */
		D6C99B6922B6A89000235CC7 /* Project object */ = {
			isa = PBXProject;
			attributes = {
				LastUpgradeCheck = 1020;
				ORGANIZATIONNAME = "Harshavardhan K";
				TargetAttributes = {
					D6C99B7022B6A89000235CC7 = {
						CreatedOnToolsVersion = 10.2.1;
					};
				};
			};
			buildConfigurationList = D6C99B6C22B6A89000235CC7 /* Build configuration list for PBXProject "Auto Correct" */;
			compatibilityVersion = "Xcode 9.3";
			developmentRegion = en;
			hasScannedForEncodings = 0;
			knownRegions = (
				en,
			);
			mainGroup = D6C99B6822B6A89000235CC7;
			productRefGroup = D6C99B7222B6A89000235CC7 /* Products */;
			projectDirPath = "";
			projectRoot = "";
			targets = (
				D6C99B7022B6A89000235CC7 /* Auto Correct */,
			);
		};
/* End PBXProject section */

/* Begin PBXSourcesBuildPhase section */
		D6C99B6D22B6A89000235CC7 /* Sources */ = {
			isa = PBXSourcesBuildPhase;
			buildActionMask = 2147483647;
			files = (
				D6C99B8222B6AB1F00235CC7 /* Edit_Distance.cpp in Sources */,
				D6C99B7522B6A89000235CC7 /* main.cpp in Sources */,
				D6C99B8422B6AF1700235CC7 /* Utilities.hpp in Sources */,
				D6C99B7F22B6A8F500235CC7 /* Auto_Correct.cpp in Sources */,
			);
			runOnlyForDeploymentPostprocessing = 0;
		};
/* End PBXSourcesBuildPhase section */

/* Begin XCBuildConfiguration section */
		D6C99B7622B6A89000235CC7 /* Debug */ = {
			isa = XCBuildConfiguration;
			buildSettings = {
				ALWAYS_SEARCH_USER_PATHS = NO;
				CLANG_ANALYZER_NONNULL = YES;
				CLANG_ANALYZER_NUMBER_OBJECT_CONVERSION = YES_AGGRESSIVE;
				CLANG_CXX_LANGUAGE_STANDARD = "gnu++14";
				CLANG_CXX_LIBRARY = "libc++";
				CLANG_ENABLE_MODULES = YES;
				CLANG_ENABLE_OBJC_ARC = YES;
				CLANG_ENABLE_OBJC_WEAK = YES;
				CLANG_WARN_BLOCK_CAPTURE_AUTORELEASING = YES;
				CLANG_WARN_BOOL_CONVERSION = YES;
				CLANG_WARN_COMMA = YES;
				CLANG_WARN_CONSTANT_CONVERSION = YES;
				CLANG_WARN_DEPRECATED_OBJC_IMPLEMENTATIONS = YES;
				CLANG_WARN_DIRECT_OBJC_ISA_USAGE = YES_ERROR;
				CLANG_WARN_DOCUMENTATION_COMMENTS = YES;
				CLANG_WARN_EMPTY_BODY = YES;
				CLANG_WARN_ENUM_CONVERSION = YES;
				CLANG_WARN_INFINITE_RECURSION = YES;
				CLANG_WARN_INT_CONVERSION = YES;
				CLANG_WARN_NON_LITERAL_NULL_CONVERSION = YES;
				CLANG_WARN_OBJC_IMPLICIT_RETAIN_SELF = YES;
				CLANG_WARN_OBJC_LITERAL_CONVERSION = YES;
				CLANG_WARN_OBJC_ROOT_CLASS = YES_ERROR;
				CLANG_WARN_RANGE_LOOP_ANALYSIS = YES;
				CLANG_WARN_STRICT_PROTOTYPES = YES;
				CLANG_WARN_SUSPICIOUS_MOVE = YES;
				CLANG_WARN_UNGUARDED_AVAILABILITY = YES_AGGRESSIVE;
				CLANG_WARN_UNREACHABLE_CODE = YES;
				CLANG_WARN__DUPLICATE_METHOD_MATCH = YES;
				CODE_SIGN_IDENTITY = "Mac Developer";
				COPY_PHASE_STRIP = NO;
				DEBUG_INFORMATION_FORMAT = dwarf;
				ENABLE_STRICT_OBJC_MSGSEND = YES;
				ENABLE_TESTABILITY = YES;
				GCC_C_LANGUAGE_STANDARD = gnu11;
				GCC_DYNAMIC_NO_PIC = NO;
				GCC_NO_COMMON_BLOCKS = YES;
				GCC_OPTIMIZATION_LEVEL = 0;
				GCC_PREPROCESSOR_DEFINITIONS = (
					"DEBUG=1",
					"$(inherited)",
				);
				GCC_WARN_64_TO_32_BIT_CONVERSION = YES;
				GCC_WARN_ABOUT_RETURN_TYPE = YES_ERROR;
				GCC_WARN_UNDECLARED_SELECTOR = YES;
				GCC_WARN_UNINITIALIZED_AUTOS = YES_AGGRESSIVE;
				GCC_WARN_UNUSED_FUNCTION = YES;
				GCC_WARN_UNUSED_VARIABLE = YES;
				MACOSX_DEPLOYMENT_TARGET = 10.14;
				MTL_ENABLE_DEBUG_INFO = INCLUDE_SOURCE;
				MTL_FAST_MATH = YES;
				ONLY_ACTIVE_ARCH = YES;
				SDKROOT = macosx;
			};
			name = Debug;
		};
		D6C99B7722B6A89000235CC7 /* Release */ = {
			isa = XCBuildConfiguration;
			buildSettings = {
				ALWAYS_SEARCH_USER_PATHS = NO;
				CLANG_ANALYZER_NONNULL = YES;
				CLANG_ANALYZER_NUMBER_OBJECT_CONVERSION = YES_AGGRESSIVE;
				CLANG_CXX_LANGUAGE_STANDARD = "gnu++14";
				CLANG_CXX_LIBRARY = "libc++";
				CLANG_ENABLE_MODULES = YES;
				CLANG_ENABLE_OBJC_ARC = YES;
				CLANG_ENABLE_OBJC_WEAK = YES;
				CLANG_WARN_BLOCK_CAPTURE_AUTORELEASING = YES;
				CLANG_WARN_BOOL_CONVERSION = YES;
				CLANG_WARN_COMMA = YES;
				CLANG_WARN_CONSTANT_CONVERSION = YES;
				CLANG_WARN_DEPRECATED_OBJC_IMPLEMENTATIONS = YES;
				CLANG_WARN_DIRECT_OBJC_ISA_USAGE = YES_ERROR;
				CLANG_WARN_DOCUMENTATION_COMMENTS = YES;
				CLANG_WARN_EMPTY_BODY = YES;
				CLANG_WARN_ENUM_CONVERSION = YES;
				CLANG_WARN_INFINITE_RECURSION = YES;
				CLANG_WARN_INT_CONVERSION = YES;
				CLANG_WARN_NON_LITERAL_NULL_CONVERSION = YES;
				CLANG_WARN_OBJC_IMPLICIT_RETAIN_SELF = YES;
				CLANG_WARN_OBJC_LITERAL_CONVERSION = YES;
				CLANG_WARN_OBJC_ROOT_CLASS = YES_ERROR;
				CLANG_WARN_RANGE_LOOP_ANALYSIS = YES;
				CLANG_WARN_STRICT_PROTOTYPES = YES;
				CLANG_WARN_SUSPICIOUS_MOVE = YES;
				CLANG_WARN_UNGUARDED_AVAILABILITY = YES_AGGRESSIVE;
				CLANG_WARN_UNREACHABLE_CODE = YES;
				CLANG_WARN__DUPLICATE_METHOD_MATCH = YES;
				CODE_SIGN_IDENTITY = "Mac Developer";
				COPY_PHASE_STRIP = NO;
				DEBUG_INFORMATION_FORMAT = "dwarf-with-dsym";
				ENABLE_NS_ASSERTIONS = NO;
				ENABLE_STRICT_OBJC_MSGSEND = YES;
				GCC_C_LANGUAGE_STANDARD = gnu11;
				GCC_NO_COMMON_BLOCKS = YES;
				GCC_WARN_64_TO_32_BIT_CONVERSION = YES;
				GCC_WARN_ABOUT_RETURN_TYPE = YES_ERROR;
				GCC_WARN_UNDECLARED_SELECTOR = YES;
				GCC_WARN_UNINITIALIZED_AUTOS = YES_AGGRESSIVE;
				GCC_WARN_UNUSED_FUNCTION = YES;
				GCC_WARN_UNUSED_VARIABLE = YES;
				MACOSX_DEPLOYMENT_TARGET = 10.14;
				MTL_ENABLE_DEBUG_INFO = NO;
				MTL_FAST_MATH = YES;
				SDKROOT = macosx;
			};
			name = Release;
		};
		D6C99B7922B6A89000235CC7 /* Debug */ = {
			isa = XCBuildConfiguration;
			buildSettings = {
				CODE_SIGN_STYLE = Automatic;
				DEVELOPMENT_TEAM = 9Z34Y633MA;
				PRODUCT_NAME = "$(TARGET_NAME)";
			};
			name = Debug;
		};
		D6C99B7A22B6A89000235CC7 /* Release */ = {
			isa = XCBuildConfiguration;
			buildSettings = {
				CODE_SIGN_STYLE = Automatic;
				DEVELOPMENT_TEAM = 9Z34Y633MA;
				PRODUCT_NAME = "$(TARGET_NAME)";
			};
			name = Release;
		};
/* End XCBuildConfiguration section */

/* Begin XCConfigurationList section */
		D6C99B6C22B6A89000235CC7 /* Build configuration list for PBXProject "Auto Correct" */ = {
			isa = XCConfigurationList;
			buildConfigurations = (
				D6C99B7622B6A89000235CC7 /* Debug */,
				D6C99B7722B6A89000235CC7 /* Release */,
			);
			defaultConfigurationIsVisible = 0;
			defaultConfigurationName = Release;
		};
		D6C99B7822B6A89000235CC7 /* Build configuration list for PBXNativeTarget "Auto Correct" */ = {
			isa = XCConfigurationList;
			buildConfigurations = (
				D6C99B7922B6A89000235CC7 /* Debug */,
				D6C99B7A22B6A89000235CC7 /* Release */,
			);
			defaultConfigurationIsVisible = 0;
			defaultConfigurationName = Release;
		};
/* End XCConfigurationList section */
	};
	rootObject = D6C99B6922B6A89000235CC7 /* Project object */;
}
